{
  "name": "use-sayhello",
  "version": "1.0.0",
  "lockfileVersion": 2,
  "requires": true,
  "packages": {
    "": {
      "name": "use-sayhello",
      "version": "1.0.0",
      "license": "ISC",
      "dependencies": {
        "@vishipayyallore/sayhello": "^1.0.2"
      }
    },
    "node_modules/@vishipayyallore/sayhello": {
      "version": "1.0.2",
      "resolved": "https://npm.pkg.github.com/download/@vishipayyallore/sayhello/1.0.2/fe9df3f0c1e9fd38e54dc54387c87064dd373414",
      "integrity": "sha512-peagjFQvrtCjmPGxEBuLIBrFvU1w2jsZ5D/aLYbojVEmA+Mc9g4JTmasEp7nzbW9ltEhSAB1tZ1de0XZc+jkAg==",
      "license": "MIT"
    }
  },
  "dependencies": {
    "@vishipayyallore/sayhello": {
      "version": "1.0.2",
      "resolved": "https://npm.pkg.github.com/download/@vishipayyallore/sayhello/1.0.2/fe9df3f0c1e9fd38e54dc54387c87064dd373414",
      "integrity": "sha512-peagjFQvrtCjmPGxEBuLIBrFvU1w2jsZ5D/aLYbojVEmA+Mc9g4JTmasEp7nzbW9ltEhSAB1tZ1de0XZc+jkAg=="
    }
  }
}
